// !$*UTF8*$!
{
	archiveVersion = 1;
	classes = {
	};
	objectVersion = 55;
	objects = {

/* Begin PBXBuildFile section */
		03F26914EEF5E8B9FFF762AA /* Pods_FlixObjectiveC.framework in Frameworks */ = {isa = PBXBuildFile; fileRef = 1B0C8C59BBA8A6B35F0234AA /* Pods_FlixObjectiveC.framework */; };
		407842320A60416920F64CA4 /* Pods_FlixObjectiveCTests.framework in Frameworks */ = {isa = PBXBuildFile; fileRef = A5C75D88EB336DED3E854F7F /* Pods_FlixObjectiveCTests.framework */; };
		4B272B8C279F2111000673BE /* DetailsViewController.m in Sources */ = {isa = PBXBuildFile; fileRef = 4B272B8B279F2111000673BE /* DetailsViewController.m */; };
		4B272B8F279F2C14000673BE /* MoviesGridViewController.m in Sources */ = {isa = PBXBuildFile; fileRef = 4B272B8E279F2C14000673BE /* MoviesGridViewController.m */; };
		4B272B92279F2DF8000673BE /* MovieCollectionViewCell.m in Sources */ = {isa = PBXBuildFile; fileRef = 4B272B91279F2DF8000673BE /* MovieCollectionViewCell.m */; };
		4BF03A68279E087600AB3C42 /* AppDelegate.m in Sources */ = {isa = PBXBuildFile; fileRef = 4BF03A67279E087600AB3C42 /* AppDelegate.m */; };
		4BF03A6B279E087600AB3C42 /* SceneDelegate.m in Sources */ = {isa = PBXBuildFile; fileRef = 4BF03A6A279E087600AB3C42 /* SceneDelegate.m */; };
		4BF03A71279E087600AB3C42 /* Main.storyboard in Resources */ = {isa = PBXBuildFile; fileRef = 4BF03A6F279E087600AB3C42 /* Main.storyboard */; };
		4BF03A73279E087900AB3C42 /* Assets.xcassets in Resources */ = {isa = PBXBuildFile; fileRef = 4BF03A72279E087900AB3C42 /* Assets.xcassets */; };
		4BF03A76279E087900AB3C42 /* LaunchScreen.storyboard in Resources */ = {isa = PBXBuildFile; fileRef = 4BF03A74279E087900AB3C42 /* LaunchScreen.storyboard */; };
		4BF03A79279E087900AB3C42 /* main.m in Sources */ = {isa = PBXBuildFile; fileRef = 4BF03A78279E087900AB3C42 /* main.m */; };
		4BF03A83279E087A00AB3C42 /* FlixObjectiveCTests.m in Sources */ = {isa = PBXBuildFile; fileRef = 4BF03A82279E087A00AB3C42 /* FlixObjectiveCTests.m */; };
		4BF03A8D279E087A00AB3C42 /* FlixObjectiveCUITests.m in Sources */ = {isa = PBXBuildFile; fileRef = 4BF03A8C279E087A00AB3C42 /* FlixObjectiveCUITests.m */; };
		4BF03A8F279E087A00AB3C42 /* FlixObjectiveCUITestsLaunchTests.m in Sources */ = {isa = PBXBuildFile; fileRef = 4BF03A8E279E087A00AB3C42 /* FlixObjectiveCUITestsLaunchTests.m */; };
		4BF03A9D279E0A6B00AB3C42 /* MoviesViewController.m in Sources */ = {isa = PBXBuildFile; fileRef = 4BF03A9C279E0A6B00AB3C42 /* MoviesViewController.m */; };
		4BF03AA3279E19B200AB3C42 /* MovieCell.m in Sources */ = {isa = PBXBuildFile; fileRef = 4BF03AA2279E19B200AB3C42 /* MovieCell.m */; };
		729889C508D5CEC138BEE13B /* Pods_FlixObjectiveC_FlixObjectiveCUITests.framework in Frameworks */ = {isa = PBXBuildFile; fileRef = 583D67A07EFF49C8D2E8FFC8 /* Pods_FlixObjectiveC_FlixObjectiveCUITests.framework */; };
/* End PBXBuildFile section */

/* Begin PBXContainerItemProxy section */
		4BF03A7F279E087A00AB3C42 /* PBXContainerItemProxy */ = {
			isa = PBXContainerItemProxy;
			containerPortal = 4BF03A5B279E087600AB3C42 /* Project object */;
			proxyType = 1;
			remoteGlobalIDString = 4BF03A62279E087600AB3C42;
			remoteInfo = FlixObjectiveC;
		};
		4BF03A89279E087A00AB3C42 /* PBXContainerItemProxy */ = {
			isa = PBXContainerItemProxy;
			containerPortal = 4BF03A5B279E087600AB3C42 /* Project object */;
			proxyType = 1;
			remoteGlobalIDString = 4BF03A62279E087600AB3C42;
			remoteInfo = FlixObjectiveC;
		};
/* End PBXContainerItemProxy section */

/* Begin PBXFileReference section */
		0DDD2ED4CE0CD056898152C0 /* Pods-FlixObjectiveCTests.debug.xcconfig */ = {isa = PBXFileReference; includeInIndex = 1; lastKnownFileType = text.xcconfig; name = "Pods-FlixObjectiveCTests.debug.xcconfig"; path = "Target Support Files/Pods-FlixObjectiveCTests/Pods-FlixObjectiveCTests.debug.xcconfig"; sourceTree = "<group>"; };
		1B0C8C59BBA8A6B35F0234AA /* Pods_FlixObjectiveC.framework */ = {isa = PBXFileReference; explicitFileType = wrapper.framework; includeInIndex = 0; path = Pods_FlixObjectiveC.framework; sourceTree = BUILT_PRODUCTS_DIR; };
		41635CF8FB95309806614722 /* Pods-FlixObjectiveC-FlixObjectiveCUITests.debug.xcconfig */ = {isa = PBXFileReference; includeInIndex = 1; lastKnownFileType = text.xcconfig; name = "Pods-FlixObjectiveC-FlixObjectiveCUITests.debug.xcconfig"; path = "Target Support Files/Pods-FlixObjectiveC-FlixObjectiveCUITests/Pods-FlixObjectiveC-FlixObjectiveCUITests.debug.xcconfig"; sourceTree = "<group>"; };
		4B272B8A279F2111000673BE /* DetailsViewController.h */ = {isa = PBXFileReference; lastKnownFileType = sourcecode.c.h; path = DetailsViewController.h; sourceTree = "<group>"; };
		4B272B8B279F2111000673BE /* DetailsViewController.m */ = {isa = PBXFileReference; lastKnownFileType = sourcecode.c.objc; path = DetailsViewController.m; sourceTree = "<group>"; };
		4B272B8D279F2C14000673BE /* MoviesGridViewController.h */ = {isa = PBXFileReference; lastKnownFileType = sourcecode.c.h; path = MoviesGridViewController.h; sourceTree = "<group>"; };
		4B272B8E279F2C14000673BE /* MoviesGridViewController.m */ = {isa = PBXFileReference; lastKnownFileType = sourcecode.c.objc; path = MoviesGridViewController.m; sourceTree = "<group>"; };
		4B272B90279F2DF8000673BE /* MovieCollectionViewCell.h */ = {isa = PBXFileReference; lastKnownFileType = sourcecode.c.h; path = MovieCollectionViewCell.h; sourceTree = "<group>"; };
		4B272B91279F2DF8000673BE /* MovieCollectionViewCell.m */ = {isa = PBXFileReference; lastKnownFileType = sourcecode.c.objc; path = MovieCollectionViewCell.m; sourceTree = "<group>"; };
		4BF03A63279E087600AB3C42 /* FlixObjectiveC.app */ = {isa = PBXFileReference; explicitFileType = wrapper.application; includeInIndex = 0; path = FlixObjectiveC.app; sourceTree = BUILT_PRODUCTS_DIR; };
		4BF03A66279E087600AB3C42 /* AppDelegate.h */ = {isa = PBXFileReference; lastKnownFileType = sourcecode.c.h; path = AppDelegate.h; sourceTree = "<group>"; };
		4BF03A67279E087600AB3C42 /* AppDelegate.m */ = {isa = PBXFileReference; lastKnownFileType = sourcecode.c.objc; path = AppDelegate.m; sourceTree = "<group>"; };
		4BF03A69279E087600AB3C42 /* SceneDelegate.h */ = {isa = PBXFileReference; lastKnownFileType = sourcecode.c.h; path = SceneDelegate.h; sourceTree = "<group>"; };
		4BF03A6A279E087600AB3C42 /* SceneDelegate.m */ = {isa = PBXFileReference; lastKnownFileType = sourcecode.c.objc; path = SceneDelegate.m; sourceTree = "<group>"; };
		4BF03A70279E087600AB3C42 /* Base */ = {isa = PBXFileReference; lastKnownFileType = file.storyboard; name = Base; path = Base.lproj/Main.storyboard; sourceTree = "<group>"; };
		4BF03A72279E087900AB3C42 /* Assets.xcassets */ = {isa = PBXFileReference; lastKnownFileType = folder.assetcatalog; path = Assets.xcassets; sourceTree = "<group>"; };
		4BF03A75279E087900AB3C42 /* Base */ = {isa = PBXFileReference; lastKnownFileType = file.storyboard; name = Base; path = Base.lproj/LaunchScreen.storyboard; sourceTree = "<group>"; };
		4BF03A77279E087900AB3C42 /* Info.plist */ = {isa = PBXFileReference; lastKnownFileType = text.plist.xml; path = Info.plist; sourceTree = "<group>"; };
		4BF03A78279E087900AB3C42 /* main.m */ = {isa = PBXFileReference; lastKnownFileType = sourcecode.c.objc; path = main.m; sourceTree = "<group>"; };
		4BF03A7E279E087A00AB3C42 /* FlixObjectiveCTests.xctest */ = {isa = PBXFileReference; explicitFileType = wrapper.cfbundle; includeInIndex = 0; path = FlixObjectiveCTests.xctest; sourceTree = BUILT_PRODUCTS_DIR; };
		4BF03A82279E087A00AB3C42 /* FlixObjectiveCTests.m */ = {isa = PBXFileReference; lastKnownFileType = sourcecode.c.objc; path = FlixObjectiveCTests.m; sourceTree = "<group>"; };
		4BF03A88279E087A00AB3C42 /* FlixObjectiveCUITests.xctest */ = {isa = PBXFileReference; explicitFileType = wrapper.cfbundle; includeInIndex = 0; path = FlixObjectiveCUITests.xctest; sourceTree = BUILT_PRODUCTS_DIR; };
		4BF03A8C279E087A00AB3C42 /* FlixObjectiveCUITests.m */ = {isa = PBXFileReference; lastKnownFileType = sourcecode.c.objc; path = FlixObjectiveCUITests.m; sourceTree = "<group>"; };
		4BF03A8E279E087A00AB3C42 /* FlixObjectiveCUITestsLaunchTests.m */ = {isa = PBXFileReference; lastKnownFileType = sourcecode.c.objc; path = FlixObjectiveCUITestsLaunchTests.m; sourceTree = "<group>"; };
		4BF03A9B279E0A6B00AB3C42 /* MoviesViewController.h */ = {isa = PBXFileReference; lastKnownFileType = sourcecode.c.h; path = MoviesViewController.h; sourceTree = "<group>"; };
		4BF03A9C279E0A6B00AB3C42 /* MoviesViewController.m */ = {isa = PBXFileReference; lastKnownFileType = sourcecode.c.objc; path = MoviesViewController.m; sourceTree = "<group>"; };
		4BF03AA1279E19B200AB3C42 /* MovieCell.h */ = {isa = PBXFileReference; lastKnownFileType = sourcecode.c.h; path = MovieCell.h; sourceTree = "<group>"; };
		4BF03AA2279E19B200AB3C42 /* MovieCell.m */ = {isa = PBXFileReference; lastKnownFileType = sourcecode.c.objc; path = MovieCell.m; sourceTree = "<group>"; };
		583D67A07EFF49C8D2E8FFC8 /* Pods_FlixObjectiveC_FlixObjectiveCUITests.framework */ = {isa = PBXFileReference; explicitFileType = wrapper.framework; includeInIndex = 0; path = Pods_FlixObjectiveC_FlixObjectiveCUITests.framework; sourceTree = BUILT_PRODUCTS_DIR; };
		5E2E21580B60DD76C3FFCB19 /* Pods-FlixObjectiveC.release.xcconfig */ = {isa = PBXFileReference; includeInIndex = 1; lastKnownFileType = text.xcconfig; name = "Pods-FlixObjectiveC.release.xcconfig"; path = "Target Support Files/Pods-FlixObjectiveC/Pods-FlixObjectiveC.release.xcconfig"; sourceTree = "<group>"; };
		7258417A900F3CFB65C5E194 /* Pods-FlixObjectiveC.debug.xcconfig */ = {isa = PBXFileReference; includeInIndex = 1; lastKnownFileType = text.xcconfig; name = "Pods-FlixObjectiveC.debug.xcconfig"; path = "Target Support Files/Pods-FlixObjectiveC/Pods-FlixObjectiveC.debug.xcconfig"; sourceTree = "<group>"; };
		7D45548B4A5696E50E57A50B /* Pods-FlixObjectiveC-FlixObjectiveCUITests.release.xcconfig */ = {isa = PBXFileReference; includeInIndex = 1; lastKnownFileType = text.xcconfig; name = "Pods-FlixObjectiveC-FlixObjectiveCUITests.release.xcconfig"; path = "Target Support Files/Pods-FlixObjectiveC-FlixObjectiveCUITests/Pods-FlixObjectiveC-FlixObjectiveCUITests.release.xcconfig"; sourceTree = "<group>"; };
		A5C75D88EB336DED3E854F7F /* Pods_FlixObjectiveCTests.framework */ = {isa = PBXFileReference; explicitFileType = wrapper.framework; includeInIndex = 0; path = Pods_FlixObjectiveCTests.framework; sourceTree = BUILT_PRODUCTS_DIR; };
		D1B52C18B55210DEFC398C15 /* Pods-FlixObjectiveCTests.release.xcconfig */ = {isa = PBXFileReference; includeInIndex = 1; lastKnownFileType = text.xcconfig; name = "Pods-FlixObjectiveCTests.release.xcconfig"; path = "Target Support Files/Pods-FlixObjectiveCTests/Pods-FlixObjectiveCTests.release.xcconfig"; sourceTree = "<group>"; };
/* End PBXFileReference section */

/* Begin PBXFrameworksBuildPhase section */
		4BF03A60279E087600AB3C42 /* Frameworks */ = {
			isa = PBXFrameworksBuildPhase;
			buildActionMask = 2147483647;
			files = (
				03F26914EEF5E8B9FFF762AA /* Pods_FlixObjectiveC.framework in Frameworks */,
			);
			runOnlyForDeploymentPostprocessing = 0;
		};
		4BF03A7B279E087A00AB3C42 /* Frameworks */ = {
			isa = PBXFrameworksBuildPhase;
			buildActionMask = 2147483647;
			files = (
				407842320A60416920F64CA4 /* Pods_FlixObjectiveCTests.framework in Frameworks */,
			);
			runOnlyForDeploymentPostprocessing = 0;
		};
		4BF03A85279E087A00AB3C42 /* Frameworks */ = {
			isa = PBXFrameworksBuildPhase;
			buildActionMask = 2147483647;
			files = (
				729889C508D5CEC138BEE13B /* Pods_FlixObjectiveC_FlixObjectiveCUITests.framework in Frameworks */,
			);
			runOnlyForDeploymentPostprocessing = 0;
		};
/* End PBXFrameworksBuildPhase section */

/* Begin PBXGroup section */
		4BF03A5A279E087600AB3C42 = {
			isa = PBXGroup;
			children = (
				4BF03A65279E087600AB3C42 /* FlixObjectiveC */,
				4BF03A81279E087A00AB3C42 /* FlixObjectiveCTests */,
				4BF03A8B279E087A00AB3C42 /* FlixObjectiveCUITests */,
				4BF03A64279E087600AB3C42 /* Products */,
				F17E4CDB87B95FCC7A5B5BD2 /* Pods */,
				904F2E086920DDCD9274907D /* Frameworks */,
			);
			sourceTree = "<group>";
		};
		4BF03A64279E087600AB3C42 /* Products */ = {
			isa = PBXGroup;
			children = (
				4BF03A63279E087600AB3C42 /* FlixObjectiveC.app */,
				4BF03A7E279E087A00AB3C42 /* FlixObjectiveCTests.xctest */,
				4BF03A88279E087A00AB3C42 /* FlixObjectiveCUITests.xctest */,
			);
			name = Products;
			sourceTree = "<group>";
		};
		4BF03A65279E087600AB3C42 /* FlixObjectiveC */ = {
			isa = PBXGroup;
			children = (
				4BF03AA0279E197E00AB3C42 /* Models */,
				4BF03A9F279E197800AB3C42 /* Views */,
				4BF03A9E279E195D00AB3C42 /* ViewControllers */,
				4BF03A66279E087600AB3C42 /* AppDelegate.h */,
				4BF03A67279E087600AB3C42 /* AppDelegate.m */,
				4BF03A69279E087600AB3C42 /* SceneDelegate.h */,
				4BF03A6A279E087600AB3C42 /* SceneDelegate.m */,
				4BF03A6F279E087600AB3C42 /* Main.storyboard */,
				4BF03A72279E087900AB3C42 /* Assets.xcassets */,
				4BF03A74279E087900AB3C42 /* LaunchScreen.storyboard */,
				4BF03A77279E087900AB3C42 /* Info.plist */,
				4BF03A78279E087900AB3C42 /* main.m */,
			);
			path = FlixObjectiveC;
			sourceTree = "<group>";
		};
		4BF03A81279E087A00AB3C42 /* FlixObjectiveCTests */ = {
			isa = PBXGroup;
			children = (
				4BF03A82279E087A00AB3C42 /* FlixObjectiveCTests.m */,
			);
			path = FlixObjectiveCTests;
			sourceTree = "<group>";
		};
		4BF03A8B279E087A00AB3C42 /* FlixObjectiveCUITests */ = {
			isa = PBXGroup;
			children = (
				4BF03A8C279E087A00AB3C42 /* FlixObjectiveCUITests.m */,
				4BF03A8E279E087A00AB3C42 /* FlixObjectiveCUITestsLaunchTests.m */,
			);
			path = FlixObjectiveCUITests;
			sourceTree = "<group>";
		};
		4BF03A9E279E195D00AB3C42 /* ViewControllers */ = {
			isa = PBXGroup;
			children = (
				4BF03A9B279E0A6B00AB3C42 /* MoviesViewController.h */,
				4BF03A9C279E0A6B00AB3C42 /* MoviesViewController.m */,
				4B272B8A279F2111000673BE /* DetailsViewController.h */,
				4B272B8B279F2111000673BE /* DetailsViewController.m */,
				4B272B8D279F2C14000673BE /* MoviesGridViewController.h */,
				4B272B8E279F2C14000673BE /* MoviesGridViewController.m */,
			);
			path = ViewControllers;
			sourceTree = "<group>";
		};
		4BF03A9F279E197800AB3C42 /* Views */ = {
			isa = PBXGroup;
			children = (
				4BF03AA1279E19B200AB3C42 /* MovieCell.h */,
				4BF03AA2279E19B200AB3C42 /* MovieCell.m */,
				4B272B90279F2DF8000673BE /* MovieCollectionViewCell.h */,
				4B272B91279F2DF8000673BE /* MovieCollectionViewCell.m */,
			);
			path = Views;
			sourceTree = "<group>";
		};
		4BF03AA0279E197E00AB3C42 /* Models */ = {
			isa = PBXGroup;
			children = (
			);
			path = Models;
			sourceTree = "<group>";
		};
		904F2E086920DDCD9274907D /* Frameworks */ = {
			isa = PBXGroup;
			children = (
				1B0C8C59BBA8A6B35F0234AA /* Pods_FlixObjectiveC.framework */,
				583D67A07EFF49C8D2E8FFC8 /* Pods_FlixObjectiveC_FlixObjectiveCUITests.framework */,
				A5C75D88EB336DED3E854F7F /* Pods_FlixObjectiveCTests.framework */,
			);
			name = Frameworks;
			sourceTree = "<group>";
		};
		F17E4CDB87B95FCC7A5B5BD2 /* Pods */ = {
			isa = PBXGroup;
			children = (
				7258417A900F3CFB65C5E194 /* Pods-FlixObjectiveC.debug.xcconfig */,
				5E2E21580B60DD76C3FFCB19 /* Pods-FlixObjectiveC.release.xcconfig */,
				41635CF8FB95309806614722 /* Pods-FlixObjectiveC-FlixObjectiveCUITests.debug.xcconfig */,
				7D45548B4A5696E50E57A50B /* Pods-FlixObjectiveC-FlixObjectiveCUITests.release.xcconfig */,
				0DDD2ED4CE0CD056898152C0 /* Pods-FlixObjectiveCTests.debug.xcconfig */,
				D1B52C18B55210DEFC398C15 /* Pods-FlixObjectiveCTests.release.xcconfig */,
			);
			path = Pods;
			sourceTree = "<group>";
		};
/* End PBXGroup section */

/* Begin PBXNativeTarget section */
		4BF03A62279E087600AB3C42 /* FlixObjectiveC */ = {
			isa = PBXNativeTarget;
			buildConfigurationList = 4BF03A92279E087A00AB3C42 /* Build configuration list for PBXNativeTarget "FlixObjectiveC" */;
			buildPhases = (
				356593F91D6278211F708EDB /* [CP] Check Pods Manifest.lock */,
				4BF03A5F279E087600AB3C42 /* Sources */,
				4BF03A60279E087600AB3C42 /* Frameworks */,
				4BF03A61279E087600AB3C42 /* Resources */,
				029707514808E50754874E8E /* [CP] Embed Pods Frameworks */,
			);
			buildRules = (
			);
			dependencies = (
			);
			name = FlixObjectiveC;
			productName = FlixObjectiveC;
			productReference = 4BF03A63279E087600AB3C42 /* FlixObjectiveC.app */;
			productType = "com.apple.product-type.application";
		};
		4BF03A7D279E087A00AB3C42 /* FlixObjectiveCTests */ = {
			isa = PBXNativeTarget;
			buildConfigurationList = 4BF03A95279E087A00AB3C42 /* Build configuration list for PBXNativeTarget "FlixObjectiveCTests" */;
			buildPhases = (
				C232DD9C8D69930A9151E417 /* [CP] Check Pods Manifest.lock */,
				4BF03A7A279E087A00AB3C42 /* Sources */,
				4BF03A7B279E087A00AB3C42 /* Frameworks */,
				4BF03A7C279E087A00AB3C42 /* Resources */,
			);
			buildRules = (
			);
			dependencies = (
				4BF03A80279E087A00AB3C42 /* PBXTargetDependency */,
			);
			name = FlixObjectiveCTests;
			productName = FlixObjectiveCTests;
			productReference = 4BF03A7E279E087A00AB3C42 /* FlixObjectiveCTests.xctest */;
			productType = "com.apple.product-type.bundle.unit-test";
		};
		4BF03A87279E087A00AB3C42 /* FlixObjectiveCUITests */ = {
			isa = PBXNativeTarget;
			buildConfigurationList = 4BF03A98279E087A00AB3C42 /* Build configuration list for PBXNativeTarget "FlixObjectiveCUITests" */;
			buildPhases = (
				F2E325F7D59AFDC48F84E34A /* [CP] Check Pods Manifest.lock */,
				4BF03A84279E087A00AB3C42 /* Sources */,
				4BF03A85279E087A00AB3C42 /* Frameworks */,
				4BF03A86279E087A00AB3C42 /* Resources */,
				44D80D517153E0915A0F2845 /* [CP] Embed Pods Frameworks */,
			);
			buildRules = (
			);
			dependencies = (
				4BF03A8A279E087A00AB3C42 /* PBXTargetDependency */,
			);
			name = FlixObjectiveCUITests;
			productName = FlixObjectiveCUITests;
			productReference = 4BF03A88279E087A00AB3C42 /* FlixObjectiveCUITests.xctest */;
			productType = "com.apple.product-type.bundle.ui-testing";
		};
/* End PBXNativeTarget section */

/* Begin PBXProject section */
		4BF03A5B279E087600AB3C42 /* Project object */ = {
			isa = PBXProject;
			attributes = {
				BuildIndependentTargetsInParallel = 1;
				LastUpgradeCheck = 1310;
				TargetAttributes = {
					4BF03A62279E087600AB3C42 = {
						CreatedOnToolsVersion = 13.1;
					};
					4BF03A7D279E087A00AB3C42 = {
						CreatedOnToolsVersion = 13.1;
						TestTargetID = 4BF03A62279E087600AB3C42;
					};
					4BF03A87279E087A00AB3C42 = {
						CreatedOnToolsVersion = 13.1;
						TestTargetID = 4BF03A62279E087600AB3C42;
					};
				};
			};
			buildConfigurationList = 4BF03A5E279E087600AB3C42 /* Build configuration list for PBXProject "FlixObjectiveC" */;
			compatibilityVersion = "Xcode 13.0";
			developmentRegion = en;
			hasScannedForEncodings = 0;
			knownRegions = (
				en,
				Base,
			);
			mainGroup = 4BF03A5A279E087600AB3C42;
			productRefGroup = 4BF03A64279E087600AB3C42 /* Products */;
			projectDirPath = "";
			projectRoot = "";
			targets = (
				4BF03A62279E087600AB3C42 /* FlixObjectiveC */,
				4BF03A7D279E087A00AB3C42 /* FlixObjectiveCTests */,
				4BF03A87279E087A00AB3C42 /* FlixObjectiveCUITests */,
			);
		};
/* End PBXProject section */

/* Begin PBXResourcesBuildPhase section */
		4BF03A61279E087600AB3C42 /* Resources */ = {
			isa = PBXResourcesBuildPhase;
			buildActionMask = 2147483647;
			files = (
				4BF03A76279E087900AB3C42 /* LaunchScreen.storyboard in Resources */,
				4BF03A73279E087900AB3C42 /* Assets.xcassets in Resources */,
				4BF03A71279E087600AB3C42 /* Main.storyboard in Resources */,
			);
			runOnlyForDeploymentPostprocessing = 0;
		};
		4BF03A7C279E087A00AB3C42 /* Resources */ = {
			isa = PBXResourcesBuildPhase;
			buildActionMask = 2147483647;
			files = (
			);
			runOnlyForDeploymentPostprocessing = 0;
		};
		4BF03A86279E087A00AB3C42 /* Resources */ = {
			isa = PBXResourcesBuildPhase;
			buildActionMask = 2147483647;
			files = (
			);
			runOnlyForDeploymentPostprocessing = 0;
		};
/* End PBXResourcesBuildPhase section */

/* Begin PBXShellScriptBuildPhase section */
		029707514808E50754874E8E /* [CP] Embed Pods Frameworks */ = {
			isa = PBXShellScriptBuildPhase;
			buildActionMask = 2147483647;
			files = (
			);
			inputFileListPaths = (
				"${PODS_ROOT}/Target Support Files/Pods-FlixObjectiveC/Pods-FlixObjectiveC-frameworks-${CONFIGURATION}-input-files.xcfilelist",
			);
			name = "[CP] Embed Pods Frameworks";
			outputFileListPaths = (
				"${PODS_ROOT}/Target Support Files/Pods-FlixObjectiveC/Pods-FlixObjectiveC-frameworks-${CONFIGURATION}-output-files.xcfilelist",
			);
			runOnlyForDeploymentPostprocessing = 0;
			shellPath = /bin/sh;
			shellScript = "\"${PODS_ROOT}/Target Support Files/Pods-FlixObjectiveC/Pods-FlixObjectiveC-frameworks.sh\"\n";
			showEnvVarsInLog = 0;
		};
		356593F91D6278211F708EDB /* [CP] Check Pods Manifest.lock */ = {
			isa = PBXShellScriptBuildPhase;
			buildActionMask = 2147483647;
			files = (
			);
			inputFileListPaths = (
			);
			inputPaths = (
				"${PODS_PODFILE_DIR_PATH}/Podfile.lock",
				"${PODS_ROOT}/Manifest.lock",
			);
			name = "[CP] Check Pods Manifest.lock";
			outputFileListPaths = (
			);
			outputPaths = (
				"$(DERIVED_FILE_DIR)/Pods-FlixObjectiveC-checkManifestLockResult.txt",
			);
			runOnlyForDeploymentPostprocessing = 0;
			shellPath = /bin/sh;
			shellScript = "diff \"${PODS_PODFILE_DIR_PATH}/Podfile.lock\" \"${PODS_ROOT}/Manifest.lock\" > /dev/null\nif [ $? != 0 ] ; then\n    # print error to STDERR\n    echo \"error: The sandbox is not in sync with the Podfile.lock. Run 'pod install' or update your CocoaPods installation.\" >&2\n    exit 1\nfi\n# This output is used by Xcode 'outputs' to avoid re-running this script phase.\necho \"SUCCESS\" > \"${SCRIPT_OUTPUT_FILE_0}\"\n";
			showEnvVarsInLog = 0;
		};
		44D80D517153E0915A0F2845 /* [CP] Embed Pods Frameworks */ = {
			isa = PBXShellScriptBuildPhase;
			buildActionMask = 2147483647;
			files = (
			);
			inputFileListPaths = (
				"${PODS_ROOT}/Target Support Files/Pods-FlixObjectiveC-FlixObjectiveCUITests/Pods-FlixObjectiveC-FlixObjectiveCUITests-frameworks-${CONFIGURATION}-input-files.xcfilelist",
			);
			name = "[CP] Embed Pods Frameworks";
			outputFileListPaths = (
				"${PODS_ROOT}/Target Support Files/Pods-FlixObjectiveC-FlixObjectiveCUITests/Pods-FlixObjectiveC-FlixObjectiveCUITests-frameworks-${CONFIGURATION}-output-files.xcfilelist",
			);
			runOnlyForDeploymentPostprocessing = 0;
			shellPath = /bin/sh;
			shellScript = "\"${PODS_ROOT}/Target Support Files/Pods-FlixObjectiveC-FlixObjectiveCUITests/Pods-FlixObjectiveC-FlixObjectiveCUITests-frameworks.sh\"\n";
			showEnvVarsInLog = 0;
		};
		C232DD9C8D69930A9151E417 /* [CP] Check Pods Manifest.lock */ = {
			isa = PBXShellScriptBuildPhase;
			buildActionMask = 2147483647;
			files = (
			);
			inputFileListPaths = (
			);
			inputPaths = (
				"${PODS_PODFILE_DIR_PATH}/Podfile.lock",
				"${PODS_ROOT}/Manifest.lock",
			);
			name = "[CP] Check Pods Manifest.lock";
			outputFileListPaths = (
			);
			outputPaths = (
				"$(DERIVED_FILE_DIR)/Pods-FlixObjectiveCTests-checkManifestLockResult.txt",
			);
			runOnlyForDeploymentPostprocessing = 0;
			shellPath = /bin/sh;
			shellScript = "diff \"${PODS_PODFILE_DIR_PATH}/Podfile.lock\" \"${PODS_ROOT}/Manifest.lock\" > /dev/null\nif [ $? != 0 ] ; then\n    # print error to STDERR\n    echo \"error: The sandbox is not in sync with the Podfile.lock. Run 'pod install' or update your CocoaPods installation.\" >&2\n    exit 1\nfi\n# This output is used by Xcode 'outputs' to avoid re-running this script phase.\necho \"SUCCESS\" > \"${SCRIPT_OUTPUT_FILE_0}\"\n";
			showEnvVarsInLog = 0;
		};
		F2E325F7D59AFDC48F84E34A /* [CP] Check Pods Manifest.lock */ = {
			isa = PBXShellScriptBuildPhase;
			buildActionMask = 2147483647;
			files = (
			);
			inputFileListPaths = (
			);
			inputPaths = (
				"${PODS_PODFILE_DIR_PATH}/Podfile.lock",
				"${PODS_ROOT}/Manifest.lock",
			);
			name = "[CP] Check Pods Manifest.lock";
			outputFileListPaths = (
			);
			outputPaths = (
				"$(DERIVED_FILE_DIR)/Pods-FlixObjectiveC-FlixObjectiveCUITests-checkManifestLockResult.txt",
			);
			runOnlyForDeploymentPostprocessing = 0;
			shellPath = /bin/sh;
			shellScript = "diff \"${PODS_PODFILE_DIR_PATH}/Podfile.lock\" \"${PODS_ROOT}/Manifest.lock\" > /dev/null\nif [ $? != 0 ] ; then\n    # print error to STDERR\n    echo \"error: The sandbox is not in sync with the Podfile.lock. Run 'pod install' or update your CocoaPods installation.\" >&2\n    exit 1\nfi\n# This output is used by Xcode 'outputs' to avoid re-running this script phase.\necho \"SUCCESS\" > \"${SCRIPT_OUTPUT_FILE_0}\"\n";
			showEnvVarsInLog = 0;
		};
/* End PBXShellScriptBuildPhase section */

/* Begin PBXSourcesBuildPhase section */
		4BF03A5F279E087600AB3C42 /* Sources */ = {
			isa = PBXSourcesBuildPhase;
			buildActionMask = 2147483647;
			files = (
				4BF03A68279E087600AB3C42 /* AppDelegate.m in Sources */,
				4BF03AA3279E19B200AB3C42 /* MovieCell.m in Sources */,
				4BF03A9D279E0A6B00AB3C42 /* MoviesViewController.m in Sources */,
				4B272B92279F2DF8000673BE /* MovieCollectionViewCell.m in Sources */,
				4B272B8C279F2111000673BE /* DetailsViewController.m in Sources */,
				4BF03A79279E087900AB3C42 /* main.m in Sources */,
				4BF03A6B279E087600AB3C42 /* SceneDelegate.m in Sources */,
				4B272B8F279F2C14000673BE /* MoviesGridViewController.m in Sources */,
			);
			runOnlyForDeploymentPostprocessing = 0;
		};
		4BF03A7A279E087A00AB3C42 /* Sources */ = {
			isa = PBXSourcesBuildPhase;
			buildActionMask = 2147483647;
			files = (
				4BF03A83279E087A00AB3C42 /* FlixObjectiveCTests.m in Sources */,
			);
			runOnlyForDeploymentPostprocessing = 0;
		};
		4BF03A84279E087A00AB3C42 /* Sources */ = {
			isa = PBXSourcesBuildPhase;
			buildActionMask = 2147483647;
			files = (
				4BF03A8D279E087A00AB3C42 /* FlixObjectiveCUITests.m in Sources */,
				4BF03A8F279E087A00AB3C42 /* FlixObjectiveCUITestsLaunchTests.m in Sources */,
			);
			runOnlyForDeploymentPostprocessing = 0;
		};
/* End PBXSourcesBuildPhase section */

/* Begin PBXTargetDependency section */
		4BF03A80279E087A00AB3C42 /* PBXTargetDependency */ = {
			isa = PBXTargetDependency;
			target = 4BF03A62279E087600AB3C42 /* FlixObjectiveC */;
			targetProxy = 4BF03A7F279E087A00AB3C42 /* PBXContainerItemProxy */;
		};
		4BF03A8A279E087A00AB3C42 /* PBXTargetDependency */ = {
			isa = PBXTargetDependency;
			target = 4BF03A62279E087600AB3C42 /* FlixObjectiveC */;
			targetProxy = 4BF03A89279E087A00AB3C42 /* PBXContainerItemProxy */;
		};
/* End PBXTargetDependency section */

/* Begin PBXVariantGroup section */
		4BF03A6F279E087600AB3C42 /* Main.storyboard */ = {
			isa = PBXVariantGroup;
			children = (
				4BF03A70279E087600AB3C42 /* Base */,
			);
			name = Main.storyboard;
			sourceTree = "<group>";
		};
		4BF03A74279E087900AB3C42 /* LaunchScreen.storyboard */ = {
			isa = PBXVariantGroup;
			children = (
				4BF03A75279E087900AB3C42 /* Base */,
			);
			name = LaunchScreen.storyboard;
			sourceTree = "<group>";
		};
/* End PBXVariantGroup section */

/* Begin XCBuildConfiguration section */
		4BF03A90279E087A00AB3C42 /* Debug */ = {
			isa = XCBuildConfiguration;
			buildSettings = {
				ALWAYS_SEARCH_USER_PATHS = NO;
				CLANG_ANALYZER_NONNULL = YES;
				CLANG_ANALYZER_NUMBER_OBJECT_CONVERSION = YES_AGGRESSIVE;
				CLANG_CXX_LANGUAGE_STANDARD = "gnu++17";
				CLANG_CXX_LIBRARY = "libc++";
				CLANG_ENABLE_MODULES = YES;
				CLANG_ENABLE_OBJC_ARC = YES;
				CLANG_ENABLE_OBJC_WEAK = YES;
				CLANG_WARN_BLOCK_CAPTURE_AUTORELEASING = YES;
				CLANG_WARN_BOOL_CONVERSION = YES;
				CLANG_WARN_COMMA = YES;
				CLANG_WARN_CONSTANT_CONVERSION = YES;
				CLANG_WARN_DEPRECATED_OBJC_IMPLEMENTATIONS = YES;
				CLANG_WARN_DIRECT_OBJC_ISA_USAGE = YES_ERROR;
				CLANG_WARN_DOCUMENTATION_COMMENTS = YES;
				CLANG_WARN_EMPTY_BODY = YES;
				CLANG_WARN_ENUM_CONVERSION = YES;
				CLANG_WARN_INFINITE_RECURSION = YES;
				CLANG_WARN_INT_CONVERSION = YES;
				CLANG_WARN_NON_LITERAL_NULL_CONVERSION = YES;
				CLANG_WARN_OBJC_IMPLICIT_RETAIN_SELF = YES;
				CLANG_WARN_OBJC_LITERAL_CONVERSION = YES;
				CLANG_WARN_OBJC_ROOT_CLASS = YES_ERROR;
				CLANG_WARN_QUOTED_INCLUDE_IN_FRAMEWORK_HEADER = YES;
				CLANG_WARN_RANGE_LOOP_ANALYSIS = YES;
				CLANG_WARN_STRICT_PROTOTYPES = YES;
				CLANG_WARN_SUSPICIOUS_MOVE = YES;
				CLANG_WARN_UNGUARDED_AVAILABILITY = YES_AGGRESSIVE;
				CLANG_WARN_UNREACHABLE_CODE = YES;
				CLANG_WARN__DUPLICATE_METHOD_MATCH = YES;
				COPY_PHASE_STRIP = NO;
				DEBUG_INFORMATION_FORMAT = dwarf;
				ENABLE_STRICT_OBJC_MSGSEND = YES;
				ENABLE_TESTABILITY = YES;
				GCC_C_LANGUAGE_STANDARD = gnu11;
				GCC_DYNAMIC_NO_PIC = NO;
				GCC_NO_COMMON_BLOCKS = YES;
				GCC_OPTIMIZATION_LEVEL = 0;
				GCC_PREPROCESSOR_DEFINITIONS = (
					"DEBUG=1",
					"$(inherited)",
				);
				GCC_WARN_64_TO_32_BIT_CONVERSION = YES;
				GCC_WARN_ABOUT_RETURN_TYPE = YES_ERROR;
				GCC_WARN_UNDECLARED_SELECTOR = YES;
				GCC_WARN_UNINITIALIZED_AUTOS = YES_AGGRESSIVE;
				GCC_WARN_UNUSED_FUNCTION = YES;
				GCC_WARN_UNUSED_VARIABLE = YES;
				IPHONEOS_DEPLOYMENT_TARGET = 15.0;
				MTL_ENABLE_DEBUG_INFO = INCLUDE_SOURCE;
				MTL_FAST_MATH = YES;
				ONLY_ACTIVE_ARCH = YES;
				SDKROOT = iphoneos;
			};
			name = Debug;
		};
		4BF03A91279E087A00AB3C42 /* Release */ = {
			isa = XCBuildConfiguration;
			buildSettings = {
				ALWAYS_SEARCH_USER_PATHS = NO;
				CLANG_ANALYZER_NONNULL = YES;
				CLANG_ANALYZER_NUMBER_OBJECT_CONVERSION = YES_AGGRESSIVE;
				CLANG_CXX_LANGUAGE_STANDARD = "gnu++17";
				CLANG_CXX_LIBRARY = "libc++";
				CLANG_ENABLE_MODULES = YES;
				CLANG_ENABLE_OBJC_ARC = YES;
				CLANG_ENABLE_OBJC_WEAK = YES;
				CLANG_WARN_BLOCK_CAPTURE_AUTORELEASING = YES;
				CLANG_WARN_BOOL_CONVERSION = YES;
				CLANG_WARN_COMMA = YES;
				CLANG_WARN_CONSTANT_CONVERSION = YES;
				CLANG_WARN_DEPRECATED_OBJC_IMPLEMENTATIONS = YES;
				CLANG_WARN_DIRECT_OBJC_ISA_USAGE = YES_ERROR;
				CLANG_WARN_DOCUMENTATION_COMMENTS = YES;
				CLANG_WARN_EMPTY_BODY = YES;
				CLANG_WARN_ENUM_CONVERSION = YES;
				CLANG_WARN_INFINITE_RECURSION = YES;
				CLANG_WARN_INT_CONVERSION = YES;
				CLANG_WARN_NON_LITERAL_NULL_CONVERSION = YES;
				CLANG_WARN_OBJC_IMPLICIT_RETAIN_SELF = YES;
				CLANG_WARN_OBJC_LITERAL_CONVERSION = YES;
				CLANG_WARN_OBJC_ROOT_CLASS = YES_ERROR;
				CLANG_WARN_QUOTED_INCLUDE_IN_FRAMEWORK_HEADER = YES;
				CLANG_WARN_RANGE_LOOP_ANALYSIS = YES;
				CLANG_WARN_STRICT_PROTOTYPES = YES;
				CLANG_WARN_SUSPICIOUS_MOVE = YES;
				CLANG_WARN_UNGUARDED_AVAILABILITY = YES_AGGRESSIVE;
				CLANG_WARN_UNREACHABLE_CODE = YES;
				CLANG_WARN__DUPLICATE_METHOD_MATCH = YES;
				COPY_PHASE_STRIP = NO;
				DEBUG_INFORMATION_FORMAT = "dwarf-with-dsym";
				ENABLE_NS_ASSERTIONS = NO;
				ENABLE_STRICT_OBJC_MSGSEND = YES;
				GCC_C_LANGUAGE_STANDARD = gnu11;
				GCC_NO_COMMON_BLOCKS = YES;
				GCC_WARN_64_TO_32_BIT_CONVERSION = YES;
				GCC_WARN_ABOUT_RETURN_TYPE = YES_ERROR;
				GCC_WARN_UNDECLARED_SELECTOR = YES;
				GCC_WARN_UNINITIALIZED_AUTOS = YES_AGGRESSIVE;
				GCC_WARN_UNUSED_FUNCTION = YES;
				GCC_WARN_UNUSED_VARIABLE = YES;
				IPHONEOS_DEPLOYMENT_TARGET = 15.0;
				MTL_ENABLE_DEBUG_INFO = NO;
				MTL_FAST_MATH = YES;
				SDKROOT = iphoneos;
				VALIDATE_PRODUCT = YES;
			};
			name = Release;
		};
		4BF03A93279E087A00AB3C42 /* Debug */ = {
			isa = XCBuildConfiguration;
			baseConfigurationReference = 7258417A900F3CFB65C5E194 /* Pods-FlixObjectiveC.debug.xcconfig */;
			buildSettings = {
				ASSETCATALOG_COMPILER_APPICON_NAME = AppIcon;
				ASSETCATALOG_COMPILER_GLOBAL_ACCENT_COLOR_NAME = AccentColor;
				CODE_SIGN_STYLE = Automatic;
				CURRENT_PROJECT_VERSION = 1;
				DEVELOPMENT_TEAM = H2MUY2UKU6;
				GENERATE_INFOPLIST_FILE = YES;
				INFOPLIST_FILE = FlixObjectiveC/Info.plist;
				INFOPLIST_KEY_UIApplicationSupportsIndirectInputEvents = YES;
				INFOPLIST_KEY_UILaunchStoryboardName = LaunchScreen;
				INFOPLIST_KEY_UIMainStoryboardFile = Main;
				INFOPLIST_KEY_UISupportedInterfaceOrientations_iPad = "UIInterfaceOrientationPortrait UIInterfaceOrientationPortraitUpsideDown UIInterfaceOrientationLandscapeLeft UIInterfaceOrientationLandscapeRight";
				INFOPLIST_KEY_UISupportedInterfaceOrientations_iPhone = "UIInterfaceOrientationPortrait UIInterfaceOrientationLandscapeLeft UIInterfaceOrientationLandscapeRight";
				LD_RUNPATH_SEARCH_PATHS = (
					"$(inherited)",
					"@executable_path/Frameworks",
				);
				MARKETING_VERSION = 1.0;
				PRODUCT_BUNDLE_IDENTIFIER = evelynhasama.FlixObjectiveC;
				PRODUCT_NAME = "$(TARGET_NAME)";
				SWIFT_EMIT_LOC_STRINGS = YES;
				TARGETED_DEVICE_FAMILY = "1,2";
			};
			name = Debug;
		};
		4BF03A94279E087A00AB3C42 /* Release */ = {
			isa = XCBuildConfiguration;
			baseConfigurationReference = 5E2E21580B60DD76C3FFCB19 /* Pods-FlixObjectiveC.release.xcconfig */;
			buildSettings = {
				ASSETCATALOG_COMPILER_APPICON_NAME = AppIcon;
				ASSETCATALOG_COMPILER_GLOBAL_ACCENT_COLOR_NAME = AccentColor;
				CODE_SIGN_STYLE = Automatic;
				CURRENT_PROJECT_VERSION = 1;
				DEVELOPMENT_TEAM = H2MUY2UKU6;
				GENERATE_INFOPLIST_FILE = YES;
				INFOPLIST_FILE = FlixObjectiveC/Info.plist;
				INFOPLIST_KEY_UIApplicationSupportsIndirectInputEvents = YES;
				INFOPLIST_KEY_UILaunchStoryboardName = LaunchScreen;
				INFOPLIST_KEY_UIMainStoryboardFile = Main;
				INFOPLIST_KEY_UISupportedInterfaceOrientations_iPad = "UIInterfaceOrientationPortrait UIInterfaceOrientationPortraitUpsideDown UIInterfaceOrientationLandscapeLeft UIInterfaceOrientationLandscapeRight";
				INFOPLIST_KEY_UISupportedInterfaceOrientations_iPhone = "UIInterfaceOrientationPortrait UIInterfaceOrientationLandscapeLeft UIInterfaceOrientationLandscapeRight";
				LD_RUNPATH_SEARCH_PATHS = (
					"$(inherited)",
					"@executable_path/Frameworks",
				);
				MARKETING_VERSION = 1.0;
				PRODUCT_BUNDLE_IDENTIFIER = evelynhasama.FlixObjectiveC;
				PRODUCT_NAME = "$(TARGET_NAME)";
				SWIFT_EMIT_LOC_STRINGS = YES;
				TARGETED_DEVICE_FAMILY = "1,2";
			};
			name = Release;
		};
		4BF03A96279E087A00AB3C42 /* Debug */ = {
			isa = XCBuildConfiguration;
			baseConfigurationReference = 0DDD2ED4CE0CD056898152C0 /* Pods-FlixObjectiveCTests.debug.xcconfig */;
			buildSettings = {
				BUNDLE_LOADER = "$(TEST_HOST)";
				CODE_SIGN_STYLE = Automatic;
				CURRENT_PROJECT_VERSION = 1;
				DEVELOPMENT_TEAM = H2MUY2UKU6;
				GENERATE_INFOPLIST_FILE = YES;
				IPHONEOS_DEPLOYMENT_TARGET = 15.0;
				LD_RUNPATH_SEARCH_PATHS = (
					"$(inherited)",
					"@executable_path/Frameworks",
					"@loader_path/Frameworks",
				);
				MARKETING_VERSION = 1.0;
				PRODUCT_BUNDLE_IDENTIFIER = evelynhasama.FlixObjectiveCTests;
				PRODUCT_NAME = "$(TARGET_NAME)";
				SWIFT_EMIT_LOC_STRINGS = NO;
				TARGETED_DEVICE_FAMILY = "1,2";
				TEST_HOST = "$(BUILT_PRODUCTS_DIR)/FlixObjectiveC.app/FlixObjectiveC";
			};
			name = Debug;
		};
		4BF03A97279E087A00AB3C42 /* Release */ = {
			isa = XCBuildConfiguration;
			baseConfigurationReference = D1B52C18B55210DEFC398C15 /* Pods-FlixObjectiveCTests.release.xcconfig */;
			buildSettings = {
				BUNDLE_LOADER = "$(TEST_HOST)";
				CODE_SIGN_STYLE = Automatic;
				CURRENT_PROJECT_VERSION = 1;
				DEVELOPMENT_TEAM = H2MUY2UKU6;
				GENERATE_INFOPLIST_FILE = YES;
				IPHONEOS_DEPLOYMENT_TARGET = 15.0;
				LD_RUNPATH_SEARCH_PATHS = (
					"$(inherited)",
					"@executable_path/Frameworks",
					"@loader_path/Frameworks",
				);
				MARKETING_VERSION = 1.0;
				PRODUCT_BUNDLE_IDENTIFIER = evelynhasama.FlixObjectiveCTests;
				PRODUCT_NAME = "$(TARGET_NAME)";
				SWIFT_EMIT_LOC_STRINGS = NO;
				TARGETED_DEVICE_FAMILY = "1,2";
				TEST_HOST = "$(BUILT_PRODUCTS_DIR)/FlixObjectiveC.app/FlixObjectiveC";
			};
			name = Release;
		};
		4BF03A99279E087A00AB3C42 /* Debug */ = {
			isa = XCBuildConfiguration;
			baseConfigurationReference = 41635CF8FB95309806614722 /* Pods-FlixObjectiveC-FlixObjectiveCUITests.debug.xcconfig */;
			buildSettings = {
				CODE_SIGN_STYLE = Automatic;
				CURRENT_PROJECT_VERSION = 1;
				DEVELOPMENT_TEAM = H2MUY2UKU6;
				GENERATE_INFOPLIST_FILE = YES;
				LD_RUNPATH_SEARCH_PATHS = (
					"$(inherited)",
					"@executable_path/Frameworks",
					"@loader_path/Frameworks",
				);
				MARKETING_VERSION = 1.0;
				PRODUCT_BUNDLE_IDENTIFIER = evelynhasama.FlixObjectiveCUITests;
				PRODUCT_NAME = "$(TARGET_NAME)";
				SWIFT_EMIT_LOC_STRINGS = NO;
				TARGETED_DEVICE_FAMILY = "1,2";
				TEST_TARGET_NAME = FlixObjectiveC;
			};
			name = Debug;
		};
		4BF03A9A279E087A00AB3C42 /* Release */ = {
			isa = XCBuildConfiguration;
			baseConfigurationReference = 7D45548B4A5696E50E57A50B /* Pods-FlixObjectiveC-FlixObjectiveCUITests.release.xcconfig */;
			buildSettings = {
				CODE_SIGN_STYLE = Automatic;
				CURRENT_PROJECT_VERSION = 1;
				DEVELOPMENT_TEAM = H2MUY2UKU6;
				GENERATE_INFOPLIST_FILE = YES;
				LD_RUNPATH_SEARCH_PATHS = (
					"$(inherited)",
					"@executable_path/Frameworks",
					"@loader_path/Frameworks",
				);
				MARKETING_VERSION = 1.0;
				PRODUCT_BUNDLE_IDENTIFIER = evelynhasama.FlixObjectiveCUITests;
				PRODUCT_NAME = "$(TARGET_NAME)";
				SWIFT_EMIT_LOC_STRINGS = NO;
				TARGETED_DEVICE_FAMILY = "1,2";
				TEST_TARGET_NAME = FlixObjectiveC;
			};
			name = Release;
		};
/* End XCBuildConfiguration section */

/* Begin XCConfigurationList section */
		4BF03A5E279E087600AB3C42 /* Build configuration list for PBXProject "FlixObjectiveC" */ = {
			isa = XCConfigurationList;
			buildConfigurations = (
				4BF03A90279E087A00AB3C42 /* Debug */,
				4BF03A91279E087A00AB3C42 /* Release */,
			);
			defaultConfigurationIsVisible = 0;
			defaultConfigurationName = Release;
		};
		4BF03A92279E087A00AB3C42 /* Build configuration list for PBXNativeTarget "FlixObjectiveC" */ = {
			isa = XCConfigurationList;
			buildConfigurations = (
				4BF03A93279E087A00AB3C42 /* Debug */,
				4BF03A94279E087A00AB3C42 /* Release */,
			);
			defaultConfigurationIsVisible = 0;
			defaultConfigurationName = Release;
		};
		4BF03A95279E087A00AB3C42 /* Build configuration list for PBXNativeTarget "FlixObjectiveCTests" */ = {
			isa = XCConfigurationList;
			buildConfigurations = (
				4BF03A96279E087A00AB3C42 /* Debug */,
				4BF03A97279E087A00AB3C42 /* Release */,
			);
			defaultConfigurationIsVisible = 0;
			defaultConfigurationName = Release;
		};
		4BF03A98279E087A00AB3C42 /* Build configuration list for PBXNativeTarget "FlixObjectiveCUITests" */ = {
			isa = XCConfigurationList;
			buildConfigurations = (
				4BF03A99279E087A00AB3C42 /* Debug */,
				4BF03A9A279E087A00AB3C42 /* Release */,
			);
			defaultConfigurationIsVisible = 0;
			defaultConfigurationName = Release;
		};
/* End XCConfigurationList section */
	};
	rootObject = 4BF03A5B279E087600AB3C42 /* Project object */;
}
